
Microsoft Visual Studio Solution File, Format Version 12.00
# Visual Studio 15
Project("{FAE04EC0-301F-11D3-BF4B-00C04F79EFBC}") = "Assembly-CSharp-firstpass", "Assembly-CSharp-firstpass.csproj", "{35349631-8426-27AE-02E2-09FD7ED580AD}"
EndProject
Project("{FAE04EC0-301F-11D3-BF4B-00C04F79EFBC}") = "Assembly-CSharp", "Assembly-CSharp.csproj", "{AEF27AFA-C9CE-A989-F1E8-BD6D33808580}"
EndProject
Project("{FAE04EC0-301F-11D3-BF4B-00C04F79EFBC}") = "Assembly-CSharp-Editor-firstpass", "Assembly-CSharp-Editor-firstpass.csproj", "{996D00F9-F751-94A4-44A7-9D38334CAA90}"
EndProject
Project("{FAE04EC0-301F-11D3-BF4B-00C04F79EFBC}") = "Assembly-CSharp-Editor", "Assembly-CSharp-Editor.csproj", "{47EFE622-78C9-0DA9-C285-DBAEAF58C904}"
EndProject
Global
	GlobalSection(SolutionConfigurationPlatforms) = preSolution
		Debug|Any CPU = Debug|Any CPU
		Release|Any CPU = Release|Any CPU
	EndGlobalSection
	GlobalSection(ProjectConfigurationPlatforms) = postSolution
		{35349631-8426-27AE-02E2-09FD7ED580AD}.Debug|Any CPU.ActiveCfg = Debug|Any CPU
		{35349631-8426-27AE-02E2-09FD7ED580AD}.Debug|Any CPU.Build.0 = Debug|Any CPU
		{35349631-8426-27AE-02E2-09FD7ED580AD}.Release|Any CPU.ActiveCfg = Release|Any CPU
		{35349631-8426-27AE-02E2-09FD7ED580AD}.Release|Any CPU.Build.0 = Release|Any CPU
		{AEF27AFA-C9CE-A989-F1E8-BD6D33808580}.Debug|Any CPU.ActiveCfg = Debug|Any CPU
		{AEF27AFA-C9CE-A989-F1E8-BD6D33808580}.Debug|Any CPU.Build.0 = Debug|Any CPU
		{AEF27AFA-C9CE-A989-F1E8-BD6D33808580}.Release|Any CPU.ActiveCfg = Release|Any CPU
		{AEF27AFA-C9CE-A989-F1E8-BD6D33808580}.Release|Any CPU.Build.0 = Release|Any CPU
		{996D00F9-F751-94A4-44A7-9D38334CAA90}.Debug|Any CPU.ActiveCfg = Debug|Any CPU
		{996D00F9-F751-94A4-44A7-9D38334CAA90}.Debug|Any CPU.Build.0 = Debug|Any CPU
		{996D00F9-F751-94A4-44A7-9D38334CAA90}.Release|Any CPU.ActiveCfg = Release|Any CPU
		{996D00F9-F751-94A4-44A7-9D38334CAA90}.Release|Any CPU.Build.0 = Release|Any CPU
		{47EFE622-78C9-0DA9-C285-DBAEAF58C904}.Debug|Any CPU.ActiveCfg = Debug|Any CPU
		{47EFE622-78C9-0DA9-C285-DBAEAF58C904}.Debug|Any CPU.Build.0 = Debug|Any CPU
		{47EFE622-78C9-0DA9-C285-DBAEAF58C904}.Release|Any CPU.ActiveCfg = Release|Any CPU
		{47EFE622-78C9-0DA9-C285-DBAEAF58C904}.Release|Any CPU.Build.0 = Release|Any CPU
	EndGlobalSection
	GlobalSection(SolutionProperties) = preSolution
		HideSolutionNode = FALSE
	EndGlobalSection
EndGlobal
